// !$*UTF8*$!
{
	archiveVersion = 1;
	classes = {
	};
	objectVersion = 46;
	objects = {

/* Begin PBXBuildFile section */
		23463DE31BA87C1300F0603C /* assembler-a64.cc in Sources */ = {isa = PBXBuildFile; fileRef = 234638141BA87C0900F0603C /* assembler-a64.cc */; };
		23463DE41BA87C1300F0603C /* cpu-a64.cc in Sources */ = {isa = PBXBuildFile; fileRef = 234638171BA87C0900F0603C /* cpu-a64.cc */; };
		23463DE51BA87C1300F0603C /* debugger-a64.cc in Sources */ = {isa = PBXBuildFile; fileRef = 234638191BA87C0900F0603C /* debugger-a64.cc */; };
		23463DE61BA87C1300F0603C /* decoder-a64.cc in Sources */ = {isa = PBXBuildFile; fileRef = 2346381B1BA87C0900F0603C /* decoder-a64.cc */; };
		23463DE71BA87C1300F0603C /* disasm-a64.cc in Sources */ = {isa = PBXBuildFile; fileRef = 2346381D1BA87C0900F0603C /* disasm-a64.cc */; };
		23463DE81BA87C1300F0603C /* instructions-a64.cc in Sources */ = {isa = PBXBuildFile; fileRef = 2346381F1BA87C0900F0603C /* instructions-a64.cc */; };
		23463DE91BA87C1300F0603C /* instrument-a64.cc in Sources */ = {isa = PBXBuildFile; fileRef = 234638211BA87C0900F0603C /* instrument-a64.cc */; };
		23463DEA1BA87C1300F0603C /* logic-a64.cc in Sources */ = {isa = PBXBuildFile; fileRef = 234638231BA87C0900F0603C /* logic-a64.cc */; };
		23463DEB1BA87C1300F0603C /* macro-assembler-a64.cc in Sources */ = {isa = PBXBuildFile; fileRef = 234638241BA87C0900F0603C /* macro-assembler-a64.cc */; };
		23463DEC1BA87C1300F0603C /* simulator-a64.cc in Sources */ = {isa = PBXBuildFile; fileRef = 234638261BA87C0900F0603C /* simulator-a64.cc */; };
		23463DED1BA87C1300F0603C /* code-buffer.cc in Sources */ = {isa = PBXBuildFile; fileRef = 234638281BA87C0900F0603C /* code-buffer.cc */; };
		23463DEE1BA87C1300F0603C /* compiler-intrinsics.cc in Sources */ = {isa = PBXBuildFile; fileRef = 2346382A1BA87C0900F0603C /* compiler-intrinsics.cc */; };
		23463DEF1BA87C1300F0603C /* utils.cc in Sources */ = {isa = PBXBuildFile; fileRef = 2346382F1BA87C0900F0603C /* utils.cc */; };
/* End PBXBuildFile section */

/* Begin PBXFileReference section */
		234638141BA87C0900F0603C /* assembler-a64.cc */ = {isa = PBXFileReference; fileEncoding = 4; lastKnownFileType = sourcecode.cpp.cpp; path = "assembler-a64.cc"; sourceTree = "<group>"; };
		234638151BA87C0900F0603C /* assembler-a64.h */ = {isa = PBXFileReference; fileEncoding = 4; lastKnownFileType = sourcecode.c.h; path = "assembler-a64.h"; sourceTree = "<group>"; };
		234638161BA87C0900F0603C /* constants-a64.h */ = {isa = PBXFileReference; fileEncoding = 4; lastKnownFileType = sourcecode.c.h; path = "constants-a64.h"; sourceTree = "<group>"; };
		234638171BA87C0900F0603C /* cpu-a64.cc */ = {isa = PBXFileReference; fileEncoding = 4; lastKnownFileType = sourcecode.cpp.cpp; path = "cpu-a64.cc"; sourceTree = "<group>"; };
		234638181BA87C0900F0603C /* cpu-a64.h */ = {isa = PBXFileReference; fileEncoding = 4; lastKnownFileType = sourcecode.c.h; path = "cpu-a64.h"; sourceTree = "<group>"; };
		234638191BA87C0900F0603C /* debugger-a64.cc */ = {isa = PBXFileReference; fileEncoding = 4; lastKnownFileType = sourcecode.cpp.cpp; path = "debugger-a64.cc"; sourceTree = "<group>"; };
		2346381A1BA87C0900F0603C /* debugger-a64.h */ = {isa = PBXFileReference; fileEncoding = 4; lastKnownFileType = sourcecode.c.h; path = "debugger-a64.h"; sourceTree = "<group>"; };
		2346381B1BA87C0900F0603C /* decoder-a64.cc */ = {isa = PBXFileReference; fileEncoding = 4; lastKnownFileType = sourcecode.cpp.cpp; path = "decoder-a64.cc"; sourceTree = "<group>"; };
		2346381C1BA87C0900F0603C /* decoder-a64.h */ = {isa = PBXFileReference; fileEncoding = 4; lastKnownFileType = sourcecode.c.h; path = "decoder-a64.h"; sourceTree = "<group>"; };
		2346381D1BA87C0900F0603C /* disasm-a64.cc */ = {isa = PBXFileReference; fileEncoding = 4; lastKnownFileType = sourcecode.cpp.cpp; path = "disasm-a64.cc"; sourceTree = "<group>"; };
		2346381E1BA87C0900F0603C /* disasm-a64.h */ = {isa = PBXFileReference; fileEncoding = 4; lastKnownFileType = sourcecode.c.h; path = "disasm-a64.h"; sourceTree = "<group>"; };
		2346381F1BA87C0900F0603C /* instructions-a64.cc */ = {isa = PBXFileReference; fileEncoding = 4; lastKnownFileType = sourcecode.cpp.cpp; path = "instructions-a64.cc"; sourceTree = "<group>"; };
		234638201BA87C0900F0603C /* instructions-a64.h */ = {isa = PBXFileReference; fileEncoding = 4; lastKnownFileType = sourcecode.c.h; path = "instructions-a64.h"; sourceTree = "<group>"; };
		234638211BA87C0900F0603C /* instrument-a64.cc */ = {isa = PBXFileReference; fileEncoding = 4; lastKnownFileType = sourcecode.cpp.cpp; path = "instrument-a64.cc"; sourceTree = "<group>"; };
		234638221BA87C0900F0603C /* instrument-a64.h */ = {isa = PBXFileReference; fileEncoding = 4; lastKnownFileType = sourcecode.c.h; path = "instrument-a64.h"; sourceTree = "<group>"; };
		234638231BA87C0900F0603C /* logic-a64.cc */ = {isa = PBXFileReference; fileEncoding = 4; lastKnownFileType = sourcecode.cpp.cpp; path = "logic-a64.cc"; sourceTree = "<group>"; };
		234638241BA87C0900F0603C /* macro-assembler-a64.cc */ = {isa = PBXFileReference; fileEncoding = 4; lastKnownFileType = sourcecode.cpp.cpp; path = "macro-assembler-a64.cc"; sourceTree = "<group>"; };
		234638251BA87C0900F0603C /* macro-assembler-a64.h */ = {isa = PBXFileReference; fileEncoding = 4; lastKnownFileType = sourcecode.c.h; path = "macro-assembler-a64.h"; sourceTree = "<group>"; };
		234638261BA87C0900F0603C /* simulator-a64.cc */ = {isa = PBXFileReference; fileEncoding = 4; lastKnownFileType = sourcecode.cpp.cpp; path = "simulator-a64.cc"; sourceTree = "<group>"; };
		234638271BA87C0900F0603C /* simulator-a64.h */ = {isa = PBXFileReference; fileEncoding = 4; lastKnownFileType = sourcecode.c.h; path = "simulator-a64.h"; sourceTree = "<group>"; };
		234638281BA87C0900F0603C /* code-buffer.cc */ = {isa = PBXFileReference; fileEncoding = 4; lastKnownFileType = sourcecode.cpp.cpp; path = "code-buffer.cc"; sourceTree = "<group>"; };
		234638291BA87C0900F0603C /* code-buffer.h */ = {isa = PBXFileReference; fileEncoding = 4; lastKnownFileType = sourcecode.c.h; path = "code-buffer.h"; sourceTree = "<group>"; };
		2346382A1BA87C0900F0603C /* compiler-intrinsics.cc */ = {isa = PBXFileReference; fileEncoding = 4; lastKnownFileType = sourcecode.cpp.cpp; path = "compiler-intrinsics.cc"; sourceTree = "<group>"; };
		2346382B1BA87C0900F0603C /* compiler-intrinsics.h */ = {isa = PBXFileReference; fileEncoding = 4; lastKnownFileType = sourcecode.c.h; path = "compiler-intrinsics.h"; sourceTree = "<group>"; };
		2346382C1BA87C0900F0603C /* globals.h */ = {isa = PBXFileReference; fileEncoding = 4; lastKnownFileType = sourcecode.c.h; path = globals.h; sourceTree = "<group>"; };
		2346382D1BA87C0900F0603C /* invalset.h */ = {isa = PBXFileReference; fileEncoding = 4; lastKnownFileType = sourcecode.c.h; path = invalset.h; sourceTree = "<group>"; };
		2346382E1BA87C0900F0603C /* platform.h */ = {isa = PBXFileReference; fileEncoding = 4; lastKnownFileType = sourcecode.c.h; path = platform.h; sourceTree = "<group>"; };
		2346382F1BA87C0900F0603C /* utils.cc */ = {isa = PBXFileReference; fileEncoding = 4; lastKnownFileType = sourcecode.cpp.cpp; path = utils.cc; sourceTree = "<group>"; };
		234638301BA87C0900F0603C /* utils.h */ = {isa = PBXFileReference; fileEncoding = 4; lastKnownFileType = sourcecode.c.h; path = utils.h; sourceTree = "<group>"; };
		2353A66C17CE1B21005CF3CC /* libvixl.a */ = {isa = PBXFileReference; explicitFileType = archive.ar; includeInIndex = 0; path = libvixl.a; sourceTree = BUILT_PRODUCTS_DIR; };
		238453BD19E2C2AA000DFC86 /* AndroidConfig.h */ = {isa = PBXFileReference; lastKnownFileType = sourcecode.c.h; path = AndroidConfig.h; sourceTree = "<group>"; };
		238453BE19E2C2AA000DFC86 /* MOE-Common.h */ = {isa = PBXFileReference; lastKnownFileType = sourcecode.c.h; path = "MOE-Common.h"; sourceTree = "<group>"; };
		238453BF19E2C2AA000DFC86 /* MOE-Prefix.pch */ = {isa = PBXFileReference; lastKnownFileType = sourcecode.c.h; path = "MOE-Prefix.pch"; sourceTree = "<group>"; };
		8B5823C51C04C7300080BB6E /* simulator-constants-a64.h */ = {isa = PBXFileReference; lastKnownFileType = sourcecode.c.h; path = "simulator-constants-a64.h"; sourceTree = "<group>"; };
/* End PBXFileReference section */

/* Begin PBXFrameworksBuildPhase section */
		2353A66917CE1B21005CF3CC /* Frameworks */ = {
			isa = PBXFrameworksBuildPhase;
			buildActionMask = 2147483647;
			files = (
			);
			runOnlyForDeploymentPostprocessing = 0;
		};
/* End PBXFrameworksBuildPhase section */

/* Begin PBXGroup section */
		234637E51BA87C0900F0603C /* vixl */ = {
			isa = PBXGroup;
			children = (
				234638111BA87C0900F0603C /* src */,
			);
			path = vixl;
			sourceTree = "<group>";
		};
		234638111BA87C0900F0603C /* src */ = {
			isa = PBXGroup;
			children = (
				234638121BA87C0900F0603C /* vixl */,
			);
			path = src;
			sourceTree = "<group>";
		};
		234638121BA87C0900F0603C /* vixl */ = {
			isa = PBXGroup;
			children = (
				234638131BA87C0900F0603C /* a64 */,
				234638281BA87C0900F0603C /* code-buffer.cc */,
				234638291BA87C0900F0603C /* code-buffer.h */,
				2346382A1BA87C0900F0603C /* compiler-intrinsics.cc */,
				2346382B1BA87C0900F0603C /* compiler-intrinsics.h */,
				2346382C1BA87C0900F0603C /* globals.h */,
				2346382D1BA87C0900F0603C /* invalset.h */,
				2346382E1BA87C0900F0603C /* platform.h */,
				2346382F1BA87C0900F0603C /* utils.cc */,
				234638301BA87C0900F0603C /* utils.h */,
			);
			path = vixl;
			sourceTree = "<group>";
		};
		234638131BA87C0900F0603C /* a64 */ = {
			isa = PBXGroup;
			children = (
				234638141BA87C0900F0603C /* assembler-a64.cc */,
				234638151BA87C0900F0603C /* assembler-a64.h */,
				234638161BA87C0900F0603C /* constants-a64.h */,
				234638171BA87C0900F0603C /* cpu-a64.cc */,
				234638181BA87C0900F0603C /* cpu-a64.h */,
				234638191BA87C0900F0603C /* debugger-a64.cc */,
				2346381A1BA87C0900F0603C /* debugger-a64.h */,
				2346381B1BA87C0900F0603C /* decoder-a64.cc */,
				2346381C1BA87C0900F0603C /* decoder-a64.h */,
				2346381D1BA87C0900F0603C /* disasm-a64.cc */,
				2346381E1BA87C0900F0603C /* disasm-a64.h */,
				2346381F1BA87C0900F0603C /* instructions-a64.cc */,
				234638201BA87C0900F0603C /* instructions-a64.h */,
				234638211BA87C0900F0603C /* instrument-a64.cc */,
				234638221BA87C0900F0603C /* instrument-a64.h */,
				234638231BA87C0900F0603C /* logic-a64.cc */,
				234638241BA87C0900F0603C /* macro-assembler-a64.cc */,
				234638251BA87C0900F0603C /* macro-assembler-a64.h */,
				234638261BA87C0900F0603C /* simulator-a64.cc */,
				234638271BA87C0900F0603C /* simulator-a64.h */,
				8B5823C51C04C7300080BB6E /* simulator-constants-a64.h */,
			);
			path = a64;
			sourceTree = "<group>";
		};
		2353A5EE17CE19B5005CF3CC = {
			isa = PBXGroup;
			children = (
				D9A0F132183A94F500523C62 /* Android Root */,
				D94FEED4183AB17100589FCA /* Common Configuration */,
				2353A5FA17CE1AD7005CF3CC /* Products */,
			);
			sourceTree = "<group>";
		};
		2353A5FA17CE1AD7005CF3CC /* Products */ = {
			isa = PBXGroup;
			children = (
				2353A66C17CE1B21005CF3CC /* libvixl.a */,
			);
			name = Products;
			path = MOE;
			sourceTree = "<group>";
		};
		238453C119E2C2E6000DFC86 /* external */ = {
			isa = PBXGroup;
			children = (
				234637E51BA87C0900F0603C /* vixl */,
			);
			path = external;
			sourceTree = "<group>";
		};
		D94FEED4183AB17100589FCA /* Common Configuration */ = {
			isa = PBXGroup;
			children = (
				238453BD19E2C2AA000DFC86 /* AndroidConfig.h */,
				238453BE19E2C2AA000DFC86 /* MOE-Common.h */,
				238453BF19E2C2AA000DFC86 /* MOE-Prefix.pch */,
			);
			name = "Common Configuration";
			path = ../moe.base/src/main/native;
			sourceTree = "<group>";
		};
		D9A0F132183A94F500523C62 /* Android Root */ = {
			isa = PBXGroup;
			children = (
				238453C119E2C2E6000DFC86 /* external */,
			);
			name = "Android Root";
			path = ../../../../../aosp;
			sourceTree = SOURCE_ROOT;
		};
/* End PBXGroup section */

/* Begin PBXNativeTarget section */
		2353A66B17CE1B21005CF3CC /* vixl */ = {
			isa = PBXNativeTarget;
			buildConfigurationList = 2353A67517CE1B21005CF3CC /* Build configuration list for PBXNativeTarget "vixl" */;
			buildPhases = (
				2353A66817CE1B21005CF3CC /* Sources */,
				2353A66917CE1B21005CF3CC /* Frameworks */,
			);
			buildRules = (
			);
			dependencies = (
			);
			name = vixl;
			productName = crypto;
			productReference = 2353A66C17CE1B21005CF3CC /* libvixl.a */;
			productType = "com.apple.product-type.library.static";
		};
/* End PBXNativeTarget section */

/* Begin PBXProject section */
		2353A5EF17CE19B5005CF3CC /* Project object */ = {
			isa = PBXProject;
			attributes = {
				LastUpgradeCheck = 0600;
			};
			buildConfigurationList = 2353A5F217CE19B5005CF3CC /* Build configuration list for PBXProject "android.external.vixl" */;
			compatibilityVersion = "Xcode 3.2";
			developmentRegion = English;
			hasScannedForEncodings = 0;
			knownRegions = (
				en,
				Base,
			);
			mainGroup = 2353A5EE17CE19B5005CF3CC;
			productRefGroup = 2353A5FA17CE1AD7005CF3CC /* Products */;
			projectDirPath = "";
			projectRoot = "";
			targets = (
				2353A66B17CE1B21005CF3CC /* vixl */,
			);
		};
/* End PBXProject section */

/* Begin PBXSourcesBuildPhase section */
		2353A66817CE1B21005CF3CC /* Sources */ = {
			isa = PBXSourcesBuildPhase;
			buildActionMask = 2147483647;
			files = (
				23463DE51BA87C1300F0603C /* debugger-a64.cc in Sources */,
				23463DEE1BA87C1300F0603C /* compiler-intrinsics.cc in Sources */,
				23463DED1BA87C1300F0603C /* code-buffer.cc in Sources */,
				23463DEB1BA87C1300F0603C /* macro-assembler-a64.cc in Sources */,
				23463DE61BA87C1300F0603C /* decoder-a64.cc in Sources */,
				23463DE81BA87C1300F0603C /* instructions-a64.cc in Sources */,
				23463DEF1BA87C1300F0603C /* utils.cc in Sources */,
				23463DE41BA87C1300F0603C /* cpu-a64.cc in Sources */,
				23463DEC1BA87C1300F0603C /* simulator-a64.cc in Sources */,
				23463DE91BA87C1300F0603C /* instrument-a64.cc in Sources */,
				23463DE31BA87C1300F0603C /* assembler-a64.cc in Sources */,
				23463DEA1BA87C1300F0603C /* logic-a64.cc in Sources */,
				23463DE71BA87C1300F0603C /* disasm-a64.cc in Sources */,
			);
			runOnlyForDeploymentPostprocessing = 0;
		};
/* End PBXSourcesBuildPhase section */

/* Begin XCBuildConfiguration section */
		2353A5F317CE19B5005CF3CC /* Debug */ = {
			isa = XCBuildConfiguration;
			buildSettings = {
				ALWAYS_SEARCH_USER_PATHS = NO;
				CLANG_CXX_LANGUAGE_STANDARD = "gnu++0x";
				CLANG_CXX_LIBRARY = "libc++";
				COPY_PHASE_STRIP = NO;
				DEAD_CODE_STRIPPING = YES;
				GCC_ENABLE_CPP_EXCEPTIONS = NO;
				GCC_ENABLE_OBJC_EXCEPTIONS = NO;
				GCC_OPTIMIZATION_LEVEL = 0;
				GCC_PREPROCESSOR_DEFINITIONS = (
					"ANDROID_SMP=1",
					ANDROID,
					"MOE=1",
					HAVE_LITTLE_ENDIAN,
					"MOE_DEBUG=1",
				);
				HEADER_SEARCH_PATHS = "";
				IPHONEOS_DEPLOYMENT_TARGET = 8.0;
				LD_DEPENDENCY_INFO_FILE = "../../build/common/native/xcode/$(PRODUCT_NAME)_dependency_info.dat";
				MACOSX_DEPLOYMENT_TARGET = 10.9;
				SDKROOT = macosx;
				SYMROOT = build/xcode;
				TARGETED_DEVICE_FAMILY = "1,2";
				WARNING_CFLAGS = "-Wno-comment";
			};
			name = Debug;
		};
		2353A5F417CE19B5005CF3CC /* Release */ = {
			isa = XCBuildConfiguration;
			buildSettings = {
				ALWAYS_SEARCH_USER_PATHS = NO;
				CLANG_CXX_LANGUAGE_STANDARD = "gnu++0x";
				CLANG_CXX_LIBRARY = "libc++";
				DEAD_CODE_STRIPPING = YES;
				GCC_ENABLE_CPP_EXCEPTIONS = NO;
				GCC_ENABLE_OBJC_EXCEPTIONS = NO;
				GCC_GENERATE_DEBUGGING_SYMBOLS = NO;
				GCC_PREPROCESSOR_DEFINITIONS = (
					"ANDROID_SMP=1",
					ANDROID,
					"MOE=1",
					HAVE_LITTLE_ENDIAN,
					MOE_NDEBUG,
				);
				HEADER_SEARCH_PATHS = "";
				IPHONEOS_DEPLOYMENT_TARGET = 8.0;
				LD_DEPENDENCY_INFO_FILE = "../../build/common/native/xcode/$(PRODUCT_NAME)_dependency_info.dat";
				MACOSX_DEPLOYMENT_TARGET = 10.9;
				SDKROOT = macosx;
				SYMROOT = build/xcode;
				TARGETED_DEVICE_FAMILY = "1,2";
				WARNING_CFLAGS = "-Wno-comment";
			};
			name = Release;
		};
		2353A67617CE1B21005CF3CC /* Debug */ = {
			isa = XCBuildConfiguration;
			buildSettings = {
				CLANG_CXX_LANGUAGE_STANDARD = "gnu++0x";
				CLANG_CXX_LIBRARY = "libc++";
				CLANG_WARN_CONSTANT_CONVERSION = YES;
				CLANG_WARN_EMPTY_BODY = YES;
				CLANG_WARN_ENUM_CONVERSION = YES;
				CLANG_WARN_INT_CONVERSION = YES;
				CLANG_WARN__DUPLICATE_METHOD_MATCH = YES;
				DSTROOT = /tmp/crypto.dst;
				GCC_C_LANGUAGE_STANDARD = gnu99;
				GCC_DYNAMIC_NO_PIC = NO;
				GCC_ENABLE_CPP_EXCEPTIONS = YES;
				GCC_OPTIMIZATION_LEVEL = 0;
				GCC_PRECOMPILE_PREFIX_HEADER = YES;
				GCC_PREFIX_HEADER = "$(SRCROOT)/../moe.base/src/main/native/MOE-Prefix.pch";
				GCC_WARN_ABOUT_RETURN_TYPE = YES;
				GCC_WARN_UNINITIALIZED_AUTOS = YES;
				HEADER_SEARCH_PATHS = "\"$(SRCROOT)/../../../../../aosp/external/vixl/src\"";
				OTHER_CFLAGS = (
					"-fexceptions",
					"-fstack-protector-strong",
				);
				OTHER_LDFLAGS = "-ObjC";
				PRODUCT_NAME = "$(TARGET_NAME)";
				SKIP_INSTALL = YES;
				WARNING_CFLAGS = (
					"-Wno-comment",
					"-Wformat",
					"-Wformat-security",
				);
			};
			name = Debug;
		};
		2353A67717CE1B21005CF3CC /* Release */ = {
			isa = XCBuildConfiguration;
			buildSettings = {
				CLANG_CXX_LANGUAGE_STANDARD = "gnu++0x";
				CLANG_CXX_LIBRARY = "libc++";
				CLANG_WARN_CONSTANT_CONVERSION = YES;
				CLANG_WARN_EMPTY_BODY = YES;
				CLANG_WARN_ENUM_CONVERSION = YES;
				CLANG_WARN_INT_CONVERSION = YES;
				CLANG_WARN__DUPLICATE_METHOD_MATCH = YES;
				DSTROOT = /tmp/crypto.dst;
				GCC_C_LANGUAGE_STANDARD = gnu99;
				GCC_ENABLE_CPP_EXCEPTIONS = YES;
				GCC_PRECOMPILE_PREFIX_HEADER = YES;
				GCC_PREFIX_HEADER = "$(SRCROOT)/../moe.base/src/main/native/MOE-Prefix.pch";
				GCC_WARN_ABOUT_RETURN_TYPE = YES;
				GCC_WARN_UNINITIALIZED_AUTOS = YES;
				HEADER_SEARCH_PATHS = "\"$(SRCROOT)/../../../../../aosp/external/vixl/src\"";
				OTHER_CFLAGS = (
					"-fexceptions",
					"-fstack-protector-strong",
				);
				OTHER_LDFLAGS = "-ObjC";
				PRODUCT_NAME = "$(TARGET_NAME)";
				SKIP_INSTALL = YES;
				VALIDATE_PRODUCT = YES;
				WARNING_CFLAGS = (
					"-Wno-comment",
					"-Wformat",
					"-Wformat-security",
				);
			};
			name = Release;
		};
/* End XCBuildConfiguration section */

/* Begin XCConfigurationList section */
		2353A5F217CE19B5005CF3CC /* Build configuration list for PBXProject "android.external.vixl" */ = {
			isa = XCConfigurationList;
			buildConfigurations = (
				2353A5F317CE19B5005CF3CC /* Debug */,
				2353A5F417CE19B5005CF3CC /* Release */,
			);
			defaultConfigurationIsVisible = 0;
			defaultConfigurationName = Release;
		};
		2353A67517CE1B21005CF3CC /* Build configuration list for PBXNativeTarget "vixl" */ = {
			isa = XCConfigurationList;
			buildConfigurations = (
				2353A67617CE1B21005CF3CC /* Debug */,
				2353A67717CE1B21005CF3CC /* Release */,
			);
			defaultConfigurationIsVisible = 0;
			defaultConfigurationName = Release;
		};
/* End XCConfigurationList section */
	};
	rootObject = 2353A5EF17CE19B5005CF3CC /* Project object */;
}
