// !$*UTF8*$!
{
	archiveVersion = 1;
	classes = {
	};
	objectVersion = 46;
	objects = {

/* Begin PBXBuildFile section */
		23437AEB1BAABBE4006249DB /* code_generator_utils.cc in Sources */ = {isa = PBXBuildFile; fileRef = 23437AE91BAABBE4006249DB /* code_generator_utils.cc */; };
		23437AF11BAABC60006249DB /* induction_var_analysis.cc in Sources */ = {isa = PBXBuildFile; fileRef = 23437AED1BAABC60006249DB /* induction_var_analysis.cc */; };
		23437AF21BAABC60006249DB /* induction_var_range.cc in Sources */ = {isa = PBXBuildFile; fileRef = 23437AEF1BAABC60006249DB /* induction_var_range.cc */; };
		23437AFB1BAABD5E006249DB /* stack_map_stream.cc in Sources */ = {isa = PBXBuildFile; fileRef = 23437AFA1BAABD5E006249DB /* stack_map_stream.cc */; };
		23AF41C31ABB035800EF7F42 /* compiled_method.cc in Sources */ = {isa = PBXBuildFile; fileRef = 23AF40611ABB035700EF7F42 /* compiled_method.cc */; };
		23AF41C41ABB035800EF7F42 /* compiler.cc in Sources */ = {isa = PBXBuildFile; fileRef = 23AF40631ABB035700EF7F42 /* compiler.cc */; };
		23AF41C71ABB035800EF7F42 /* dex_to_dex_compiler.cc in Sources */ = {isa = PBXBuildFile; fileRef = 23AF406E1ABB035700EF7F42 /* dex_to_dex_compiler.cc */; };
		23AF42031ABB035800EF7F42 /* quick_compiler_callbacks.cc in Sources */ = {isa = PBXBuildFile; fileRef = 23AF40D61ABB035700EF7F42 /* quick_compiler_callbacks.cc */; };
		23AF42051ABB035800EF7F42 /* verification_results.cc in Sources */ = {isa = PBXBuildFile; fileRef = 23AF40DC1ABB035700EF7F42 /* verification_results.cc */; };
		23AF42061ABB035800EF7F42 /* verified_method.cc in Sources */ = {isa = PBXBuildFile; fileRef = 23AF40DE1ABB035700EF7F42 /* verified_method.cc */; };
		23AF42081ABB035800EF7F42 /* compiler_driver.cc in Sources */ = {isa = PBXBuildFile; fileRef = 23AF40E31ABB035700EF7F42 /* compiler_driver.cc */; };
		23AF420A1ABB035800EF7F42 /* compiler_options.cc in Sources */ = {isa = PBXBuildFile; fileRef = 23AF40E61ABB035700EF7F42 /* compiler_options.cc */; };
		23AF420B1ABB035800EF7F42 /* dex_compilation_unit.cc in Sources */ = {isa = PBXBuildFile; fileRef = 23AF40E81ABB035700EF7F42 /* dex_compilation_unit.cc */; };
		23AF42201ABB035800EF7F42 /* bounds_check_elimination.cc in Sources */ = {isa = PBXBuildFile; fileRef = 23AF411A1ABB035800EF7F42 /* bounds_check_elimination.cc */; };
		23AF42221ABB035800EF7F42 /* builder.cc in Sources */ = {isa = PBXBuildFile; fileRef = 23AF411D1ABB035800EF7F42 /* builder.cc */; };
		23AF42231ABB035800EF7F42 /* code_generator.cc in Sources */ = {isa = PBXBuildFile; fileRef = 23AF411F1ABB035800EF7F42 /* code_generator.cc */; };
		23AF42291ABB035800EF7F42 /* constant_folding.cc in Sources */ = {isa = PBXBuildFile; fileRef = 23AF412B1ABB035800EF7F42 /* constant_folding.cc */; };
		23AF422B1ABB035800EF7F42 /* dead_code_elimination.cc in Sources */ = {isa = PBXBuildFile; fileRef = 23AF412E1ABB035800EF7F42 /* dead_code_elimination.cc */; };
		23AF422F1ABB035800EF7F42 /* graph_checker.cc in Sources */ = {isa = PBXBuildFile; fileRef = 23AF41331ABB035800EF7F42 /* graph_checker.cc */; };
		23AF42331ABB035800EF7F42 /* gvn.cc in Sources */ = {isa = PBXBuildFile; fileRef = 23AF41391ABB035800EF7F42 /* gvn.cc */; };
		23AF42351ABB035800EF7F42 /* inliner.cc in Sources */ = {isa = PBXBuildFile; fileRef = 23AF413C1ABB035800EF7F42 /* inliner.cc */; };
		23AF42361ABB035800EF7F42 /* instruction_simplifier.cc in Sources */ = {isa = PBXBuildFile; fileRef = 23AF413E1ABB035800EF7F42 /* instruction_simplifier.cc */; };
		23AF42371ABB035800EF7F42 /* intrinsics.cc in Sources */ = {isa = PBXBuildFile; fileRef = 23AF41401ABB035800EF7F42 /* intrinsics.cc */; };
		23AF423B1ABB035800EF7F42 /* licm.cc in Sources */ = {isa = PBXBuildFile; fileRef = 23AF41491ABB035800EF7F42 /* licm.cc */; };
		23AF42401ABB035800EF7F42 /* locations.cc in Sources */ = {isa = PBXBuildFile; fileRef = 23AF414F1ABB035800EF7F42 /* locations.cc */; };
		23AF42411ABB035800EF7F42 /* nodes.cc in Sources */ = {isa = PBXBuildFile; fileRef = 23AF41511ABB035800EF7F42 /* nodes.cc */; };
		23AF42431ABB035800EF7F42 /* optimization.cc in Sources */ = {isa = PBXBuildFile; fileRef = 23AF41541ABB035800EF7F42 /* optimization.cc */; };
		23AF42441ABB035800EF7F42 /* optimizing_compiler.cc in Sources */ = {isa = PBXBuildFile; fileRef = 23AF41561ABB035800EF7F42 /* optimizing_compiler.cc */; };
		23AF42451ABB035800EF7F42 /* parallel_move_resolver.cc in Sources */ = {isa = PBXBuildFile; fileRef = 23AF415A1ABB035800EF7F42 /* parallel_move_resolver.cc */; };
		23AF42471ABB035800EF7F42 /* prepare_for_register_allocation.cc in Sources */ = {isa = PBXBuildFile; fileRef = 23AF415D1ABB035800EF7F42 /* prepare_for_register_allocation.cc */; };
		23AF424A1ABB035800EF7F42 /* reference_type_propagation.cc in Sources */ = {isa = PBXBuildFile; fileRef = 23AF41631ABB035800EF7F42 /* reference_type_propagation.cc */; };
		23AF424B1ABB035800EF7F42 /* register_allocator.cc in Sources */ = {isa = PBXBuildFile; fileRef = 23AF41651ABB035800EF7F42 /* register_allocator.cc */; };
		23AF424D1ABB035800EF7F42 /* side_effects_analysis.cc in Sources */ = {isa = PBXBuildFile; fileRef = 23AF41681ABB035800EF7F42 /* side_effects_analysis.cc */; };
		23AF424E1ABB035800EF7F42 /* ssa_builder.cc in Sources */ = {isa = PBXBuildFile; fileRef = 23AF416A1ABB035800EF7F42 /* ssa_builder.cc */; };
		23AF424F1ABB035800EF7F42 /* ssa_liveness_analysis.cc in Sources */ = {isa = PBXBuildFile; fileRef = 23AF416C1ABB035800EF7F42 /* ssa_liveness_analysis.cc */; };
		23AF42501ABB035800EF7F42 /* ssa_phi_elimination.cc in Sources */ = {isa = PBXBuildFile; fileRef = 23AF416E1ABB035800EF7F42 /* ssa_phi_elimination.cc */; };
		23AF426C1ABB035800EF7F42 /* swap_space.cc in Sources */ = {isa = PBXBuildFile; fileRef = 23AF41AC1ABB035800EF7F42 /* swap_space.cc */; };
		23B4BDB01A6678780021AC4E /* compiler_common_operator_outs.cc in Sources */ = {isa = PBXBuildFile; fileRef = 23B4BDAD1A6678780021AC4E /* compiler_common_operator_outs.cc */; };
		23C43CBC1BE25A270035A5FC /* compiled_method_storage.cc in Sources */ = {isa = PBXBuildFile; fileRef = 23C43CBA1BE25A270035A5FC /* compiled_method_storage.cc */; };
		23C43CBF1BE25AB70035A5FC /* load_store_elimination.cc in Sources */ = {isa = PBXBuildFile; fileRef = 23C43CBD1BE25AB70035A5FC /* load_store_elimination.cc */; };
		23C43CC31BE25AFE0035A5FC /* sharpening.cc in Sources */ = {isa = PBXBuildFile; fileRef = 23C43CC11BE25AFD0035A5FC /* sharpening.cc */; };
		8B54AA2D1C033CA200225077 /* graph_visualizer.cc in Sources */ = {isa = PBXBuildFile; fileRef = 23AF41371ABB035800EF7F42 /* graph_visualizer.cc */; };
		8B5E5F021C7F463800E7F283 /* dex_file_method_inliner.cc in Sources */ = {isa = PBXBuildFile; fileRef = 8B5E5EFE1C7F463800E7F283 /* dex_file_method_inliner.cc */; };
		8B5E5F031C7F463800E7F283 /* dex_file_to_method_inliner_map.cc in Sources */ = {isa = PBXBuildFile; fileRef = 8B5E5F001C7F463800E7F283 /* dex_file_to_method_inliner_map.cc */; };
		8B6145FF1D12C2A3007DE2CC /* llvm_shadow_frame_builder.cpp in Sources */ = {isa = PBXBuildFile; fileRef = 8B6145FD1D12C2A3007DE2CC /* llvm_shadow_frame_builder.cpp */; };
		8B6146021D12C3F7007DE2CC /* llvm_stub_builder.cpp in Sources */ = {isa = PBXBuildFile; fileRef = 8B6146001D12C3F7007DE2CC /* llvm_stub_builder.cpp */; };
		8B6146061D12C6AF007DE2CC /* llvm_dex_builder.cpp in Sources */ = {isa = PBXBuildFile; fileRef = 8B6146041D12C6AF007DE2CC /* llvm_dex_builder.cpp */; };
		8B6146091D12C71E007DE2CC /* llvm_compiler.cpp in Sources */ = {isa = PBXBuildFile; fileRef = 8B6146071D12C71E007DE2CC /* llvm_compiler.cpp */; };
		8BF4A8411D06F61E0088404B /* block_builder.cc in Sources */ = {isa = PBXBuildFile; fileRef = 8BF4A83F1D06F61E0088404B /* block_builder.cc */; };
		8BF4A8451D06F6540088404B /* instruction_builder.cc in Sources */ = {isa = PBXBuildFile; fileRef = 8BF4A8431D06F6540088404B /* instruction_builder.cc */; };
		8BF4A84C1D06F7F90088404B /* select_generator.cc in Sources */ = {isa = PBXBuildFile; fileRef = 8BF4A84A1D06F7F90088404B /* select_generator.cc */; };
/* End PBXBuildFile section */

/* Begin PBXFileReference section */
		23437AE21BAAB97F006249DB /* dex_to_dex_compiler.h */ = {isa = PBXFileReference; lastKnownFileType = sourcecode.c.h; path = dex_to_dex_compiler.h; sourceTree = "<group>"; };
		23437AE91BAABBE4006249DB /* code_generator_utils.cc */ = {isa = PBXFileReference; fileEncoding = 4; lastKnownFileType = sourcecode.cpp.cpp; path = code_generator_utils.cc; sourceTree = "<group>"; };
		23437AEA1BAABBE4006249DB /* code_generator_utils.h */ = {isa = PBXFileReference; fileEncoding = 4; lastKnownFileType = sourcecode.c.h; path = code_generator_utils.h; sourceTree = "<group>"; };
		23437AED1BAABC60006249DB /* induction_var_analysis.cc */ = {isa = PBXFileReference; fileEncoding = 4; lastKnownFileType = sourcecode.cpp.cpp; path = induction_var_analysis.cc; sourceTree = "<group>"; };
		23437AEE1BAABC60006249DB /* induction_var_analysis.h */ = {isa = PBXFileReference; fileEncoding = 4; lastKnownFileType = sourcecode.c.h; path = induction_var_analysis.h; sourceTree = "<group>"; };
		23437AEF1BAABC60006249DB /* induction_var_range.cc */ = {isa = PBXFileReference; fileEncoding = 4; lastKnownFileType = sourcecode.cpp.cpp; path = induction_var_range.cc; sourceTree = "<group>"; };
		23437AF01BAABC60006249DB /* induction_var_range.h */ = {isa = PBXFileReference; fileEncoding = 4; lastKnownFileType = sourcecode.c.h; path = induction_var_range.h; sourceTree = "<group>"; };
		23437AFA1BAABD5E006249DB /* stack_map_stream.cc */ = {isa = PBXFileReference; fileEncoding = 4; lastKnownFileType = sourcecode.cpp.cpp; path = stack_map_stream.cc; sourceTree = "<group>"; };
		2350E7BE18DA17BD00285E6C /* AndroidConfig.h */ = {isa = PBXFileReference; lastKnownFileType = sourcecode.c.h; path = AndroidConfig.h; sourceTree = "<group>"; };
		2353A61C17CE1AEC005CF3CC /* libcompiler.a */ = {isa = PBXFileReference; explicitFileType = archive.ar; includeInIndex = 0; path = libcompiler.a; sourceTree = BUILT_PRODUCTS_DIR; };
		2395DA6E1877109700950DD5 /* MOE-Common.h */ = {isa = PBXFileReference; lastKnownFileType = sourcecode.c.h; path = "MOE-Common.h"; sourceTree = "<group>"; };
		239B362719E2D2AF00BECDFA /* Compiler-Prefix.pch */ = {isa = PBXFileReference; fileEncoding = 4; lastKnownFileType = sourcecode.c.h; path = "Compiler-Prefix.pch"; sourceTree = "<group>"; };
		23A22F70187594F00060BF79 /* MOE-Prefix.pch */ = {isa = PBXFileReference; fileEncoding = 4; lastKnownFileType = sourcecode.c.h; path = "MOE-Prefix.pch"; sourceTree = "<group>"; };
		23AF40601ABB035700EF7F42 /* compiled_class.h */ = {isa = PBXFileReference; fileEncoding = 4; lastKnownFileType = sourcecode.c.h; path = compiled_class.h; sourceTree = "<group>"; };
		23AF40611ABB035700EF7F42 /* compiled_method.cc */ = {isa = PBXFileReference; fileEncoding = 4; lastKnownFileType = sourcecode.cpp.cpp; path = compiled_method.cc; sourceTree = "<group>"; };
		23AF40621ABB035700EF7F42 /* compiled_method.h */ = {isa = PBXFileReference; fileEncoding = 4; lastKnownFileType = sourcecode.c.h; path = compiled_method.h; sourceTree = "<group>"; };
		23AF40631ABB035700EF7F42 /* compiler.cc */ = {isa = PBXFileReference; fileEncoding = 4; lastKnownFileType = sourcecode.cpp.cpp; path = compiler.cc; sourceTree = "<group>"; };
		23AF40641ABB035700EF7F42 /* compiler.h */ = {isa = PBXFileReference; fileEncoding = 4; lastKnownFileType = sourcecode.c.h; path = compiler.h; sourceTree = "<group>"; };
		23AF40681ABB035700EF7F42 /* compiler_enums.h */ = {isa = PBXFileReference; fileEncoding = 4; lastKnownFileType = sourcecode.c.h; path = compiler_enums.h; sourceTree = "<group>"; };
		23AF406E1ABB035700EF7F42 /* dex_to_dex_compiler.cc */ = {isa = PBXFileReference; fileEncoding = 4; lastKnownFileType = sourcecode.cpp.cpp; path = dex_to_dex_compiler.cc; sourceTree = "<group>"; };
		23AF40D61ABB035700EF7F42 /* quick_compiler_callbacks.cc */ = {isa = PBXFileReference; fileEncoding = 4; lastKnownFileType = sourcecode.cpp.cpp; path = quick_compiler_callbacks.cc; sourceTree = "<group>"; };
		23AF40D71ABB035700EF7F42 /* quick_compiler_callbacks.h */ = {isa = PBXFileReference; fileEncoding = 4; lastKnownFileType = sourcecode.c.h; path = quick_compiler_callbacks.h; sourceTree = "<group>"; };
		23AF40DC1ABB035700EF7F42 /* verification_results.cc */ = {isa = PBXFileReference; fileEncoding = 4; lastKnownFileType = sourcecode.cpp.cpp; path = verification_results.cc; sourceTree = "<group>"; };
		23AF40DD1ABB035700EF7F42 /* verification_results.h */ = {isa = PBXFileReference; fileEncoding = 4; lastKnownFileType = sourcecode.c.h; path = verification_results.h; sourceTree = "<group>"; };
		23AF40DE1ABB035700EF7F42 /* verified_method.cc */ = {isa = PBXFileReference; fileEncoding = 4; lastKnownFileType = sourcecode.cpp.cpp; path = verified_method.cc; sourceTree = "<group>"; };
		23AF40DF1ABB035700EF7F42 /* verified_method.h */ = {isa = PBXFileReference; fileEncoding = 4; lastKnownFileType = sourcecode.c.h; path = verified_method.h; sourceTree = "<group>"; };
		23AF40E21ABB035700EF7F42 /* compiler_driver-inl.h */ = {isa = PBXFileReference; fileEncoding = 4; lastKnownFileType = sourcecode.c.h; path = "compiler_driver-inl.h"; sourceTree = "<group>"; };
		23AF40E31ABB035700EF7F42 /* compiler_driver.cc */ = {isa = PBXFileReference; fileEncoding = 4; indentWidth = 2; lastKnownFileType = sourcecode.cpp.cpp; path = compiler_driver.cc; sourceTree = "<group>"; tabWidth = 2; };
		23AF40E41ABB035700EF7F42 /* compiler_driver.h */ = {isa = PBXFileReference; fileEncoding = 4; indentWidth = 2; lastKnownFileType = sourcecode.c.h; path = compiler_driver.h; sourceTree = "<group>"; tabWidth = 2; };
		23AF40E61ABB035700EF7F42 /* compiler_options.cc */ = {isa = PBXFileReference; fileEncoding = 4; lastKnownFileType = sourcecode.cpp.cpp; path = compiler_options.cc; sourceTree = "<group>"; };
		23AF40E71ABB035700EF7F42 /* compiler_options.h */ = {isa = PBXFileReference; fileEncoding = 4; lastKnownFileType = sourcecode.c.h; path = compiler_options.h; sourceTree = "<group>"; };
		23AF40E81ABB035700EF7F42 /* dex_compilation_unit.cc */ = {isa = PBXFileReference; fileEncoding = 4; lastKnownFileType = sourcecode.cpp.cpp; path = dex_compilation_unit.cc; sourceTree = "<group>"; };
		23AF40E91ABB035700EF7F42 /* dex_compilation_unit.h */ = {isa = PBXFileReference; fileEncoding = 4; lastKnownFileType = sourcecode.c.h; path = dex_compilation_unit.h; sourceTree = "<group>"; };
		23AF411A1ABB035800EF7F42 /* bounds_check_elimination.cc */ = {isa = PBXFileReference; fileEncoding = 4; lastKnownFileType = sourcecode.cpp.cpp; path = bounds_check_elimination.cc; sourceTree = "<group>"; };
		23AF411B1ABB035800EF7F42 /* bounds_check_elimination.h */ = {isa = PBXFileReference; fileEncoding = 4; lastKnownFileType = sourcecode.c.h; path = bounds_check_elimination.h; sourceTree = "<group>"; };
		23AF411D1ABB035800EF7F42 /* builder.cc */ = {isa = PBXFileReference; fileEncoding = 4; lastKnownFileType = sourcecode.cpp.cpp; path = builder.cc; sourceTree = "<group>"; };
		23AF411E1ABB035800EF7F42 /* builder.h */ = {isa = PBXFileReference; fileEncoding = 4; lastKnownFileType = sourcecode.c.h; path = builder.h; sourceTree = "<group>"; };
		23AF411F1ABB035800EF7F42 /* code_generator.cc */ = {isa = PBXFileReference; fileEncoding = 4; lastKnownFileType = sourcecode.cpp.cpp; path = code_generator.cc; sourceTree = "<group>"; };
		23AF41201ABB035800EF7F42 /* code_generator.h */ = {isa = PBXFileReference; fileEncoding = 4; lastKnownFileType = sourcecode.c.h; path = code_generator.h; sourceTree = "<group>"; };
		23AF412B1ABB035800EF7F42 /* constant_folding.cc */ = {isa = PBXFileReference; fileEncoding = 4; lastKnownFileType = sourcecode.cpp.cpp; path = constant_folding.cc; sourceTree = "<group>"; };
		23AF412C1ABB035800EF7F42 /* constant_folding.h */ = {isa = PBXFileReference; fileEncoding = 4; lastKnownFileType = sourcecode.c.h; path = constant_folding.h; sourceTree = "<group>"; };
		23AF412E1ABB035800EF7F42 /* dead_code_elimination.cc */ = {isa = PBXFileReference; fileEncoding = 4; lastKnownFileType = sourcecode.cpp.cpp; path = dead_code_elimination.cc; sourceTree = "<group>"; };
		23AF412F1ABB035800EF7F42 /* dead_code_elimination.h */ = {isa = PBXFileReference; fileEncoding = 4; lastKnownFileType = sourcecode.c.h; path = dead_code_elimination.h; sourceTree = "<group>"; };
		23AF41331ABB035800EF7F42 /* graph_checker.cc */ = {isa = PBXFileReference; fileEncoding = 4; lastKnownFileType = sourcecode.cpp.cpp; path = graph_checker.cc; sourceTree = "<group>"; };
		23AF41341ABB035800EF7F42 /* graph_checker.h */ = {isa = PBXFileReference; fileEncoding = 4; lastKnownFileType = sourcecode.c.h; path = graph_checker.h; sourceTree = "<group>"; };
		23AF41371ABB035800EF7F42 /* graph_visualizer.cc */ = {isa = PBXFileReference; fileEncoding = 4; lastKnownFileType = sourcecode.cpp.cpp; path = graph_visualizer.cc; sourceTree = "<group>"; };
		23AF41381ABB035800EF7F42 /* graph_visualizer.h */ = {isa = PBXFileReference; fileEncoding = 4; lastKnownFileType = sourcecode.c.h; path = graph_visualizer.h; sourceTree = "<group>"; };
		23AF41391ABB035800EF7F42 /* gvn.cc */ = {isa = PBXFileReference; fileEncoding = 4; lastKnownFileType = sourcecode.cpp.cpp; path = gvn.cc; sourceTree = "<group>"; };
		23AF413A1ABB035800EF7F42 /* gvn.h */ = {isa = PBXFileReference; fileEncoding = 4; lastKnownFileType = sourcecode.c.h; path = gvn.h; sourceTree = "<group>"; };
		23AF413C1ABB035800EF7F42 /* inliner.cc */ = {isa = PBXFileReference; fileEncoding = 4; lastKnownFileType = sourcecode.cpp.cpp; path = inliner.cc; sourceTree = "<group>"; };
		23AF413D1ABB035800EF7F42 /* inliner.h */ = {isa = PBXFileReference; fileEncoding = 4; lastKnownFileType = sourcecode.c.h; path = inliner.h; sourceTree = "<group>"; };
		23AF413E1ABB035800EF7F42 /* instruction_simplifier.cc */ = {isa = PBXFileReference; fileEncoding = 4; lastKnownFileType = sourcecode.cpp.cpp; path = instruction_simplifier.cc; sourceTree = "<group>"; };
		23AF413F1ABB035800EF7F42 /* instruction_simplifier.h */ = {isa = PBXFileReference; fileEncoding = 4; lastKnownFileType = sourcecode.c.h; path = instruction_simplifier.h; sourceTree = "<group>"; };
		23AF41401ABB035800EF7F42 /* intrinsics.cc */ = {isa = PBXFileReference; fileEncoding = 4; lastKnownFileType = sourcecode.cpp.cpp; path = intrinsics.cc; sourceTree = "<group>"; };
		23AF41411ABB035800EF7F42 /* intrinsics.h */ = {isa = PBXFileReference; fileEncoding = 4; lastKnownFileType = sourcecode.c.h; path = intrinsics.h; sourceTree = "<group>"; };
		23AF41461ABB035800EF7F42 /* intrinsics_list.h */ = {isa = PBXFileReference; fileEncoding = 4; lastKnownFileType = sourcecode.c.h; path = intrinsics_list.h; sourceTree = "<group>"; };
		23AF41491ABB035800EF7F42 /* licm.cc */ = {isa = PBXFileReference; fileEncoding = 4; lastKnownFileType = sourcecode.cpp.cpp; path = licm.cc; sourceTree = "<group>"; };
		23AF414A1ABB035800EF7F42 /* licm.h */ = {isa = PBXFileReference; fileEncoding = 4; lastKnownFileType = sourcecode.c.h; path = licm.h; sourceTree = "<group>"; };
		23AF414F1ABB035800EF7F42 /* locations.cc */ = {isa = PBXFileReference; fileEncoding = 4; lastKnownFileType = sourcecode.cpp.cpp; path = locations.cc; sourceTree = "<group>"; };
		23AF41501ABB035800EF7F42 /* locations.h */ = {isa = PBXFileReference; fileEncoding = 4; lastKnownFileType = sourcecode.c.h; path = locations.h; sourceTree = "<group>"; };
		23AF41511ABB035800EF7F42 /* nodes.cc */ = {isa = PBXFileReference; fileEncoding = 4; indentWidth = 2; lastKnownFileType = sourcecode.cpp.cpp; path = nodes.cc; sourceTree = "<group>"; tabWidth = 2; };
		23AF41521ABB035800EF7F42 /* nodes.h */ = {isa = PBXFileReference; fileEncoding = 4; lastKnownFileType = sourcecode.c.h; path = nodes.h; sourceTree = "<group>"; };
		23AF41541ABB035800EF7F42 /* optimization.cc */ = {isa = PBXFileReference; fileEncoding = 4; lastKnownFileType = sourcecode.cpp.cpp; path = optimization.cc; sourceTree = "<group>"; };
		23AF41551ABB035800EF7F42 /* optimization.h */ = {isa = PBXFileReference; fileEncoding = 4; lastKnownFileType = sourcecode.c.h; path = optimization.h; sourceTree = "<group>"; };
		23AF41561ABB035800EF7F42 /* optimizing_compiler.cc */ = {isa = PBXFileReference; fileEncoding = 4; indentWidth = 2; lastKnownFileType = sourcecode.cpp.cpp; path = optimizing_compiler.cc; sourceTree = "<group>"; tabWidth = 2; };
		23AF41571ABB035800EF7F42 /* optimizing_compiler.h */ = {isa = PBXFileReference; fileEncoding = 4; lastKnownFileType = sourcecode.c.h; path = optimizing_compiler.h; sourceTree = "<group>"; };
		23AF41581ABB035800EF7F42 /* optimizing_compiler_stats.h */ = {isa = PBXFileReference; fileEncoding = 4; lastKnownFileType = sourcecode.c.h; path = optimizing_compiler_stats.h; sourceTree = "<group>"; };
		23AF415A1ABB035800EF7F42 /* parallel_move_resolver.cc */ = {isa = PBXFileReference; fileEncoding = 4; lastKnownFileType = sourcecode.cpp.cpp; path = parallel_move_resolver.cc; sourceTree = "<group>"; };
		23AF415B1ABB035800EF7F42 /* parallel_move_resolver.h */ = {isa = PBXFileReference; fileEncoding = 4; lastKnownFileType = sourcecode.c.h; path = parallel_move_resolver.h; sourceTree = "<group>"; };
		23AF415D1ABB035800EF7F42 /* prepare_for_register_allocation.cc */ = {isa = PBXFileReference; fileEncoding = 4; lastKnownFileType = sourcecode.cpp.cpp; path = prepare_for_register_allocation.cc; sourceTree = "<group>"; };
		23AF415E1ABB035800EF7F42 /* prepare_for_register_allocation.h */ = {isa = PBXFileReference; fileEncoding = 4; lastKnownFileType = sourcecode.c.h; path = prepare_for_register_allocation.h; sourceTree = "<group>"; };
		23AF415F1ABB035800EF7F42 /* pretty_printer.h */ = {isa = PBXFileReference; fileEncoding = 4; lastKnownFileType = sourcecode.c.h; path = pretty_printer.h; sourceTree = "<group>"; };
		23AF41631ABB035800EF7F42 /* reference_type_propagation.cc */ = {isa = PBXFileReference; fileEncoding = 4; lastKnownFileType = sourcecode.cpp.cpp; path = reference_type_propagation.cc; sourceTree = "<group>"; };
		23AF41641ABB035800EF7F42 /* reference_type_propagation.h */ = {isa = PBXFileReference; fileEncoding = 4; lastKnownFileType = sourcecode.c.h; path = reference_type_propagation.h; sourceTree = "<group>"; };
		23AF41651ABB035800EF7F42 /* register_allocator.cc */ = {isa = PBXFileReference; fileEncoding = 4; lastKnownFileType = sourcecode.cpp.cpp; path = register_allocator.cc; sourceTree = "<group>"; };
		23AF41661ABB035800EF7F42 /* register_allocator.h */ = {isa = PBXFileReference; fileEncoding = 4; lastKnownFileType = sourcecode.c.h; path = register_allocator.h; sourceTree = "<group>"; };
		23AF41681ABB035800EF7F42 /* side_effects_analysis.cc */ = {isa = PBXFileReference; fileEncoding = 4; lastKnownFileType = sourcecode.cpp.cpp; path = side_effects_analysis.cc; sourceTree = "<group>"; };
		23AF41691ABB035800EF7F42 /* side_effects_analysis.h */ = {isa = PBXFileReference; fileEncoding = 4; lastKnownFileType = sourcecode.c.h; path = side_effects_analysis.h; sourceTree = "<group>"; };
		23AF416A1ABB035800EF7F42 /* ssa_builder.cc */ = {isa = PBXFileReference; fileEncoding = 4; lastKnownFileType = sourcecode.cpp.cpp; path = ssa_builder.cc; sourceTree = "<group>"; };
		23AF416B1ABB035800EF7F42 /* ssa_builder.h */ = {isa = PBXFileReference; fileEncoding = 4; lastKnownFileType = sourcecode.c.h; path = ssa_builder.h; sourceTree = "<group>"; };
		23AF416C1ABB035800EF7F42 /* ssa_liveness_analysis.cc */ = {isa = PBXFileReference; fileEncoding = 4; lastKnownFileType = sourcecode.cpp.cpp; path = ssa_liveness_analysis.cc; sourceTree = "<group>"; };
		23AF416D1ABB035800EF7F42 /* ssa_liveness_analysis.h */ = {isa = PBXFileReference; fileEncoding = 4; lastKnownFileType = sourcecode.c.h; path = ssa_liveness_analysis.h; sourceTree = "<group>"; };
		23AF416E1ABB035800EF7F42 /* ssa_phi_elimination.cc */ = {isa = PBXFileReference; fileEncoding = 4; lastKnownFileType = sourcecode.cpp.cpp; path = ssa_phi_elimination.cc; sourceTree = "<group>"; };
		23AF416F1ABB035800EF7F42 /* ssa_phi_elimination.h */ = {isa = PBXFileReference; fileEncoding = 4; lastKnownFileType = sourcecode.c.h; path = ssa_phi_elimination.h; sourceTree = "<group>"; };
		23AF41711ABB035800EF7F42 /* stack_map_stream.h */ = {isa = PBXFileReference; fileEncoding = 4; lastKnownFileType = sourcecode.c.h; path = stack_map_stream.h; sourceTree = "<group>"; };
		23AF41AC1ABB035800EF7F42 /* swap_space.cc */ = {isa = PBXFileReference; fileEncoding = 4; lastKnownFileType = sourcecode.cpp.cpp; path = swap_space.cc; sourceTree = "<group>"; };
		23AF41AD1ABB035800EF7F42 /* swap_space.h */ = {isa = PBXFileReference; fileEncoding = 4; lastKnownFileType = sourcecode.c.h; path = swap_space.h; sourceTree = "<group>"; };
		23B4BDAD1A6678780021AC4E /* compiler_common_operator_outs.cc */ = {isa = PBXFileReference; fileEncoding = 4; lastKnownFileType = sourcecode.cpp.cpp; path = compiler_common_operator_outs.cc; sourceTree = "<group>"; };
		23C43CBA1BE25A270035A5FC /* compiled_method_storage.cc */ = {isa = PBXFileReference; fileEncoding = 4; lastKnownFileType = sourcecode.cpp.cpp; path = compiled_method_storage.cc; sourceTree = "<group>"; };
		23C43CBB1BE25A270035A5FC /* compiled_method_storage.h */ = {isa = PBXFileReference; fileEncoding = 4; lastKnownFileType = sourcecode.c.h; path = compiled_method_storage.h; sourceTree = "<group>"; };
		23C43CBD1BE25AB70035A5FC /* load_store_elimination.cc */ = {isa = PBXFileReference; fileEncoding = 4; lastKnownFileType = sourcecode.cpp.cpp; path = load_store_elimination.cc; sourceTree = "<group>"; };
		23C43CBE1BE25AB70035A5FC /* load_store_elimination.h */ = {isa = PBXFileReference; fileEncoding = 4; lastKnownFileType = sourcecode.c.h; path = load_store_elimination.h; sourceTree = "<group>"; };
		23C43CC11BE25AFD0035A5FC /* sharpening.cc */ = {isa = PBXFileReference; fileEncoding = 4; lastKnownFileType = sourcecode.cpp.cpp; path = sharpening.cc; sourceTree = "<group>"; };
		23C43CC21BE25AFE0035A5FC /* sharpening.h */ = {isa = PBXFileReference; fileEncoding = 4; lastKnownFileType = sourcecode.c.h; path = sharpening.h; sourceTree = "<group>"; };
		6D6CED1B1BC81C18002C3AB9 /* intrinsics_utils.h */ = {isa = PBXFileReference; fileEncoding = 4; lastKnownFileType = sourcecode.c.h; path = intrinsics_utils.h; sourceTree = "<group>"; };
		8B5823BD1C04BA1F0080BB6E /* common_dominator.h */ = {isa = PBXFileReference; lastKnownFileType = sourcecode.c.h; path = common_dominator.h; sourceTree = "<group>"; };
		8B5E5EFE1C7F463800E7F283 /* dex_file_method_inliner.cc */ = {isa = PBXFileReference; fileEncoding = 4; lastKnownFileType = sourcecode.cpp.cpp; path = dex_file_method_inliner.cc; sourceTree = "<group>"; };
		8B5E5EFF1C7F463800E7F283 /* dex_file_method_inliner.h */ = {isa = PBXFileReference; fileEncoding = 4; lastKnownFileType = sourcecode.c.h; path = dex_file_method_inliner.h; sourceTree = "<group>"; };
		8B5E5F001C7F463800E7F283 /* dex_file_to_method_inliner_map.cc */ = {isa = PBXFileReference; fileEncoding = 4; lastKnownFileType = sourcecode.cpp.cpp; path = dex_file_to_method_inliner_map.cc; sourceTree = "<group>"; };
		8B5E5F011C7F463800E7F283 /* dex_file_to_method_inliner_map.h */ = {isa = PBXFileReference; fileEncoding = 4; lastKnownFileType = sourcecode.c.h; path = dex_file_to_method_inliner_map.h; sourceTree = "<group>"; };
		8B6145FD1D12C2A3007DE2CC /* llvm_shadow_frame_builder.cpp */ = {isa = PBXFileReference; fileEncoding = 4; indentWidth = 4; lastKnownFileType = sourcecode.cpp.cpp; path = llvm_shadow_frame_builder.cpp; sourceTree = "<group>"; tabWidth = 4; };
		8B6145FE1D12C2A3007DE2CC /* llvm_shadow_frame_builder.hpp */ = {isa = PBXFileReference; fileEncoding = 4; lastKnownFileType = sourcecode.cpp.h; path = llvm_shadow_frame_builder.hpp; sourceTree = "<group>"; };
		8B6146001D12C3F7007DE2CC /* llvm_stub_builder.cpp */ = {isa = PBXFileReference; fileEncoding = 4; lastKnownFileType = sourcecode.cpp.cpp; path = llvm_stub_builder.cpp; sourceTree = "<group>"; };
		8B6146011D12C3F7007DE2CC /* llvm_stub_builder.hpp */ = {isa = PBXFileReference; fileEncoding = 4; lastKnownFileType = sourcecode.cpp.h; path = llvm_stub_builder.hpp; sourceTree = "<group>"; };
		8B6146041D12C6AF007DE2CC /* llvm_dex_builder.cpp */ = {isa = PBXFileReference; fileEncoding = 4; lastKnownFileType = sourcecode.cpp.cpp; path = llvm_dex_builder.cpp; sourceTree = "<group>"; };
		8B6146051D12C6AF007DE2CC /* llvm_dex_builder.hpp */ = {isa = PBXFileReference; fileEncoding = 4; lastKnownFileType = sourcecode.cpp.h; path = llvm_dex_builder.hpp; sourceTree = "<group>"; };
		8B6146071D12C71E007DE2CC /* llvm_compiler.cpp */ = {isa = PBXFileReference; fileEncoding = 4; indentWidth = 4; lastKnownFileType = sourcecode.cpp.cpp; path = llvm_compiler.cpp; sourceTree = "<group>"; tabWidth = 4; };
		8B6146081D12C71E007DE2CC /* llvm_compiler.hpp */ = {isa = PBXFileReference; fileEncoding = 4; lastKnownFileType = sourcecode.cpp.h; path = llvm_compiler.hpp; sourceTree = "<group>"; };
		8BF4A83F1D06F61E0088404B /* block_builder.cc */ = {isa = PBXFileReference; fileEncoding = 4; lastKnownFileType = sourcecode.cpp.cpp; path = block_builder.cc; sourceTree = "<group>"; };
		8BF4A8401D06F61E0088404B /* block_builder.h */ = {isa = PBXFileReference; fileEncoding = 4; lastKnownFileType = sourcecode.c.h; path = block_builder.h; sourceTree = "<group>"; };
		8BF4A8421D06F6350088404B /* bytecode_utils.h */ = {isa = PBXFileReference; lastKnownFileType = sourcecode.c.h; path = bytecode_utils.h; sourceTree = "<group>"; };
		8BF4A8431D06F6540088404B /* instruction_builder.cc */ = {isa = PBXFileReference; fileEncoding = 4; lastKnownFileType = sourcecode.cpp.cpp; path = instruction_builder.cc; sourceTree = "<group>"; };
		8BF4A8441D06F6540088404B /* instruction_builder.h */ = {isa = PBXFileReference; fileEncoding = 4; lastKnownFileType = sourcecode.c.h; path = instruction_builder.h; sourceTree = "<group>"; };
		8BF4A84A1D06F7F90088404B /* select_generator.cc */ = {isa = PBXFileReference; fileEncoding = 4; lastKnownFileType = sourcecode.cpp.cpp; path = select_generator.cc; sourceTree = "<group>"; };
		8BF4A84B1D06F7F90088404B /* select_generator.h */ = {isa = PBXFileReference; fileEncoding = 4; lastKnownFileType = sourcecode.c.h; path = select_generator.h; sourceTree = "<group>"; };
/* End PBXFileReference section */

/* Begin PBXFrameworksBuildPhase section */
		2353A61917CE1AEC005CF3CC /* Frameworks */ = {
			isa = PBXFrameworksBuildPhase;
			buildActionMask = 2147483647;
			files = (
			);
			runOnlyForDeploymentPostprocessing = 0;
		};
/* End PBXFrameworksBuildPhase section */

/* Begin PBXGroup section */
		2353A5EE17CE19B5005CF3CC = {
			isa = PBXGroup;
			children = (
				D9A0F132183A94F500523C62 /* Android Root */,
				239B362319E2D21F00BECDFA /* Supporting Files */,
				2353A83917CE26CD005CF3CC /* Common Configuration */,
				2353A5FA17CE1AD7005CF3CC /* Products */,
			);
			sourceTree = "<group>";
		};
		2353A5FA17CE1AD7005CF3CC /* Products */ = {
			isa = PBXGroup;
			children = (
				2353A61C17CE1AEC005CF3CC /* libcompiler.a */,
			);
			name = Products;
			path = MOE;
			sourceTree = "<group>";
		};
		2353A6AE17CE1B4E005CF3CC /* art */ = {
			isa = PBXGroup;
			children = (
				23AF405A1ABB035700EF7F42 /* compiler */,
			);
			path = art;
			sourceTree = "<group>";
		};
		2353A83917CE26CD005CF3CC /* Common Configuration */ = {
			isa = PBXGroup;
			children = (
				2350E7BE18DA17BD00285E6C /* AndroidConfig.h */,
				2395DA6E1877109700950DD5 /* MOE-Common.h */,
				23A22F70187594F00060BF79 /* MOE-Prefix.pch */,
			);
			name = "Common Configuration";
			path = ../moe.base/src/main/native;
			sourceTree = "<group>";
		};
		239B362319E2D21F00BECDFA /* Supporting Files */ = {
			isa = PBXGroup;
			children = (
				23B4BDAD1A6678780021AC4E /* compiler_common_operator_outs.cc */,
				239B362719E2D2AF00BECDFA /* Compiler-Prefix.pch */,
			);
			name = "Supporting Files";
			path = src/main/native;
			sourceTree = "<group>";
		};
		23AF405A1ABB035700EF7F42 /* compiler */ = {
			isa = PBXGroup;
			children = (
				23AF40601ABB035700EF7F42 /* compiled_class.h */,
				23AF40611ABB035700EF7F42 /* compiled_method.cc */,
				23AF40621ABB035700EF7F42 /* compiled_method.h */,
				23AF40631ABB035700EF7F42 /* compiler.cc */,
				23AF40641ABB035700EF7F42 /* compiler.h */,
				23AF40651ABB035700EF7F42 /* dex */,
				23AF40E11ABB035700EF7F42 /* driver */,
				23AF41191ABB035800EF7F42 /* optimizing */,
				23AF417A1ABB035800EF7F42 /* utils */,
			);
			path = compiler;
			sourceTree = "<group>";
		};
		23AF40651ABB035700EF7F42 /* dex */ = {
			isa = PBXGroup;
			children = (
				8B5E5EFD1C7F461900E7F283 /* quick */,
				23AF40681ABB035700EF7F42 /* compiler_enums.h */,
				23437AE21BAAB97F006249DB /* dex_to_dex_compiler.h */,
				23AF406E1ABB035700EF7F42 /* dex_to_dex_compiler.cc */,
				23AF40D61ABB035700EF7F42 /* quick_compiler_callbacks.cc */,
				23AF40D71ABB035700EF7F42 /* quick_compiler_callbacks.h */,
				23AF40DC1ABB035700EF7F42 /* verification_results.cc */,
				23AF40DD1ABB035700EF7F42 /* verification_results.h */,
				23AF40DE1ABB035700EF7F42 /* verified_method.cc */,
				23AF40DF1ABB035700EF7F42 /* verified_method.h */,
			);
			path = dex;
			sourceTree = "<group>";
		};
		23AF40E11ABB035700EF7F42 /* driver */ = {
			isa = PBXGroup;
			children = (
				23C43CBA1BE25A270035A5FC /* compiled_method_storage.cc */,
				23C43CBB1BE25A270035A5FC /* compiled_method_storage.h */,
				23AF40E21ABB035700EF7F42 /* compiler_driver-inl.h */,
				23AF40E31ABB035700EF7F42 /* compiler_driver.cc */,
				23AF40E41ABB035700EF7F42 /* compiler_driver.h */,
				23AF40E61ABB035700EF7F42 /* compiler_options.cc */,
				23AF40E71ABB035700EF7F42 /* compiler_options.h */,
				23AF40E81ABB035700EF7F42 /* dex_compilation_unit.cc */,
				23AF40E91ABB035700EF7F42 /* dex_compilation_unit.h */,
			);
			path = driver;
			sourceTree = "<group>";
		};
		23AF41191ABB035800EF7F42 /* optimizing */ = {
			isa = PBXGroup;
			children = (
				8B6145FC1D12C243007DE2CC /* llvm */,
				23C43CBD1BE25AB70035A5FC /* load_store_elimination.cc */,
				23C43CBE1BE25AB70035A5FC /* load_store_elimination.h */,
				23437AFA1BAABD5E006249DB /* stack_map_stream.cc */,
				23437AED1BAABC60006249DB /* induction_var_analysis.cc */,
				23437AEE1BAABC60006249DB /* induction_var_analysis.h */,
				23437AEF1BAABC60006249DB /* induction_var_range.cc */,
				23437AF01BAABC60006249DB /* induction_var_range.h */,
				23437AE91BAABBE4006249DB /* code_generator_utils.cc */,
				23437AEA1BAABBE4006249DB /* code_generator_utils.h */,
				8BF4A83F1D06F61E0088404B /* block_builder.cc */,
				8BF4A8401D06F61E0088404B /* block_builder.h */,
				23AF411A1ABB035800EF7F42 /* bounds_check_elimination.cc */,
				23AF411B1ABB035800EF7F42 /* bounds_check_elimination.h */,
				23AF411D1ABB035800EF7F42 /* builder.cc */,
				23AF411E1ABB035800EF7F42 /* builder.h */,
				8BF4A8421D06F6350088404B /* bytecode_utils.h */,
				23AF411F1ABB035800EF7F42 /* code_generator.cc */,
				23AF41201ABB035800EF7F42 /* code_generator.h */,
				8B5823BD1C04BA1F0080BB6E /* common_dominator.h */,
				23AF412B1ABB035800EF7F42 /* constant_folding.cc */,
				23AF412C1ABB035800EF7F42 /* constant_folding.h */,
				23AF412E1ABB035800EF7F42 /* dead_code_elimination.cc */,
				23AF412F1ABB035800EF7F42 /* dead_code_elimination.h */,
				23AF41331ABB035800EF7F42 /* graph_checker.cc */,
				23AF41341ABB035800EF7F42 /* graph_checker.h */,
				23AF41371ABB035800EF7F42 /* graph_visualizer.cc */,
				23AF41381ABB035800EF7F42 /* graph_visualizer.h */,
				23AF41391ABB035800EF7F42 /* gvn.cc */,
				23AF413A1ABB035800EF7F42 /* gvn.h */,
				23AF413C1ABB035800EF7F42 /* inliner.cc */,
				23AF413D1ABB035800EF7F42 /* inliner.h */,
				8BF4A8431D06F6540088404B /* instruction_builder.cc */,
				8BF4A8441D06F6540088404B /* instruction_builder.h */,
				23AF413E1ABB035800EF7F42 /* instruction_simplifier.cc */,
				23AF413F1ABB035800EF7F42 /* instruction_simplifier.h */,
				23AF41401ABB035800EF7F42 /* intrinsics.cc */,
				23AF41411ABB035800EF7F42 /* intrinsics.h */,
				23AF41461ABB035800EF7F42 /* intrinsics_list.h */,
				6D6CED1B1BC81C18002C3AB9 /* intrinsics_utils.h */,
				23AF41491ABB035800EF7F42 /* licm.cc */,
				23AF414A1ABB035800EF7F42 /* licm.h */,
				23AF414F1ABB035800EF7F42 /* locations.cc */,
				23AF41501ABB035800EF7F42 /* locations.h */,
				23AF41511ABB035800EF7F42 /* nodes.cc */,
				23AF41521ABB035800EF7F42 /* nodes.h */,
				23AF41541ABB035800EF7F42 /* optimization.cc */,
				23AF41551ABB035800EF7F42 /* optimization.h */,
				23AF41561ABB035800EF7F42 /* optimizing_compiler.cc */,
				23AF41571ABB035800EF7F42 /* optimizing_compiler.h */,
				23AF41581ABB035800EF7F42 /* optimizing_compiler_stats.h */,
				23AF415A1ABB035800EF7F42 /* parallel_move_resolver.cc */,
				23AF415B1ABB035800EF7F42 /* parallel_move_resolver.h */,
				23AF415D1ABB035800EF7F42 /* prepare_for_register_allocation.cc */,
				23AF415E1ABB035800EF7F42 /* prepare_for_register_allocation.h */,
				23AF415F1ABB035800EF7F42 /* pretty_printer.h */,
				23AF41631ABB035800EF7F42 /* reference_type_propagation.cc */,
				23AF41641ABB035800EF7F42 /* reference_type_propagation.h */,
				23AF41651ABB035800EF7F42 /* register_allocator.cc */,
				23AF41661ABB035800EF7F42 /* register_allocator.h */,
				8BF4A84A1D06F7F90088404B /* select_generator.cc */,
				8BF4A84B1D06F7F90088404B /* select_generator.h */,
				23C43CC11BE25AFD0035A5FC /* sharpening.cc */,
				23C43CC21BE25AFE0035A5FC /* sharpening.h */,
				23AF41681ABB035800EF7F42 /* side_effects_analysis.cc */,
				23AF41691ABB035800EF7F42 /* side_effects_analysis.h */,
				23AF416A1ABB035800EF7F42 /* ssa_builder.cc */,
				23AF416B1ABB035800EF7F42 /* ssa_builder.h */,
				23AF416C1ABB035800EF7F42 /* ssa_liveness_analysis.cc */,
				23AF416D1ABB035800EF7F42 /* ssa_liveness_analysis.h */,
				23AF416E1ABB035800EF7F42 /* ssa_phi_elimination.cc */,
				23AF416F1ABB035800EF7F42 /* ssa_phi_elimination.h */,
				23AF41711ABB035800EF7F42 /* stack_map_stream.h */,
			);
			path = optimizing;
			sourceTree = "<group>";
		};
		23AF417A1ABB035800EF7F42 /* utils */ = {
			isa = PBXGroup;
			children = (
				23AF41AC1ABB035800EF7F42 /* swap_space.cc */,
				23AF41AD1ABB035800EF7F42 /* swap_space.h */,
			);
			path = utils;
			sourceTree = "<group>";
		};
		8B5E5EFD1C7F461900E7F283 /* quick */ = {
			isa = PBXGroup;
			children = (
				8B5E5EFE1C7F463800E7F283 /* dex_file_method_inliner.cc */,
				8B5E5EFF1C7F463800E7F283 /* dex_file_method_inliner.h */,
				8B5E5F001C7F463800E7F283 /* dex_file_to_method_inliner_map.cc */,
				8B5E5F011C7F463800E7F283 /* dex_file_to_method_inliner_map.h */,
			);
			path = quick;
			sourceTree = "<group>";
		};
		8B6145FC1D12C243007DE2CC /* llvm */ = {
			isa = PBXGroup;
			children = (
				8B6145FD1D12C2A3007DE2CC /* llvm_shadow_frame_builder.cpp */,
				8B6145FE1D12C2A3007DE2CC /* llvm_shadow_frame_builder.hpp */,
				8B6146001D12C3F7007DE2CC /* llvm_stub_builder.cpp */,
				8B6146011D12C3F7007DE2CC /* llvm_stub_builder.hpp */,
				8B6146041D12C6AF007DE2CC /* llvm_dex_builder.cpp */,
				8B6146051D12C6AF007DE2CC /* llvm_dex_builder.hpp */,
				8B6146071D12C71E007DE2CC /* llvm_compiler.cpp */,
				8B6146081D12C71E007DE2CC /* llvm_compiler.hpp */,
			);
			path = llvm;
			sourceTree = "<group>";
		};
		D9A0F132183A94F500523C62 /* Android Root */ = {
			isa = PBXGroup;
			children = (
				2353A6AE17CE1B4E005CF3CC /* art */,
			);
			name = "Android Root";
			path = ../../../../../aosp;
			sourceTree = SOURCE_ROOT;
		};
/* End PBXGroup section */

/* Begin PBXNativeTarget section */
		2353A61B17CE1AEC005CF3CC /* compiler */ = {
			isa = PBXNativeTarget;
			buildConfigurationList = 2353A62517CE1AEC005CF3CC /* Build configuration list for PBXNativeTarget "compiler" */;
			buildPhases = (
				2353A61817CE1AEC005CF3CC /* Sources */,
				2353A61917CE1AEC005CF3CC /* Frameworks */,
			);
			buildRules = (
			);
			dependencies = (
			);
			name = compiler;
			productName = dex;
			productReference = 2353A61C17CE1AEC005CF3CC /* libcompiler.a */;
			productType = "com.apple.product-type.library.static";
		};
/* End PBXNativeTarget section */

/* Begin PBXProject section */
		2353A5EF17CE19B5005CF3CC /* Project object */ = {
			isa = PBXProject;
			attributes = {
				LastUpgradeCheck = 0600;
			};
			buildConfigurationList = 2353A5F217CE19B5005CF3CC /* Build configuration list for PBXProject "android.art.compiler" */;
			compatibilityVersion = "Xcode 3.2";
			developmentRegion = English;
			hasScannedForEncodings = 0;
			knownRegions = (
				en,
				Base,
			);
			mainGroup = 2353A5EE17CE19B5005CF3CC;
			productRefGroup = 2353A5FA17CE1AD7005CF3CC /* Products */;
			projectDirPath = "";
			projectRoot = "";
			targets = (
				2353A61B17CE1AEC005CF3CC /* compiler */,
			);
		};
/* End PBXProject section */

/* Begin PBXSourcesBuildPhase section */
		2353A61817CE1AEC005CF3CC /* Sources */ = {
			isa = PBXSourcesBuildPhase;
			buildActionMask = 2147483647;
			files = (
				23AF424D1ABB035800EF7F42 /* side_effects_analysis.cc in Sources */,
				23B4BDB01A6678780021AC4E /* compiler_common_operator_outs.cc in Sources */,
				23AF42471ABB035800EF7F42 /* prepare_for_register_allocation.cc in Sources */,
				23AF42361ABB035800EF7F42 /* instruction_simplifier.cc in Sources */,
				23AF424B1ABB035800EF7F42 /* register_allocator.cc in Sources */,
				23AF420B1ABB035800EF7F42 /* dex_compilation_unit.cc in Sources */,
				23AF42231ABB035800EF7F42 /* code_generator.cc in Sources */,
				23AF424F1ABB035800EF7F42 /* ssa_liveness_analysis.cc in Sources */,
				23AF426C1ABB035800EF7F42 /* swap_space.cc in Sources */,
				8B6146021D12C3F7007DE2CC /* llvm_stub_builder.cpp in Sources */,
				8B5E5F031C7F463800E7F283 /* dex_file_to_method_inliner_map.cc in Sources */,
				23437AFB1BAABD5E006249DB /* stack_map_stream.cc in Sources */,
				23437AF21BAABC60006249DB /* induction_var_range.cc in Sources */,
				8B54AA2D1C033CA200225077 /* graph_visualizer.cc in Sources */,
				23AF42451ABB035800EF7F42 /* parallel_move_resolver.cc in Sources */,
				23AF422F1ABB035800EF7F42 /* graph_checker.cc in Sources */,
				23C43CC31BE25AFE0035A5FC /* sharpening.cc in Sources */,
				23AF42221ABB035800EF7F42 /* builder.cc in Sources */,
				23AF42431ABB035800EF7F42 /* optimization.cc in Sources */,
				23AF42201ABB035800EF7F42 /* bounds_check_elimination.cc in Sources */,
				8B6146061D12C6AF007DE2CC /* llvm_dex_builder.cpp in Sources */,
				23AF42061ABB035800EF7F42 /* verified_method.cc in Sources */,
				23AF422B1ABB035800EF7F42 /* dead_code_elimination.cc in Sources */,
				23AF42371ABB035800EF7F42 /* intrinsics.cc in Sources */,
				23AF424E1ABB035800EF7F42 /* ssa_builder.cc in Sources */,
				23AF42081ABB035800EF7F42 /* compiler_driver.cc in Sources */,
				8BF4A8411D06F61E0088404B /* block_builder.cc in Sources */,
				23AF42401ABB035800EF7F42 /* locations.cc in Sources */,
				23AF41C31ABB035800EF7F42 /* compiled_method.cc in Sources */,
				23AF42351ABB035800EF7F42 /* inliner.cc in Sources */,
				23AF42051ABB035800EF7F42 /* verification_results.cc in Sources */,
				23AF423B1ABB035800EF7F42 /* licm.cc in Sources */,
				8B6145FF1D12C2A3007DE2CC /* llvm_shadow_frame_builder.cpp in Sources */,
				23C43CBC1BE25A270035A5FC /* compiled_method_storage.cc in Sources */,
				23AF42501ABB035800EF7F42 /* ssa_phi_elimination.cc in Sources */,
				23437AEB1BAABBE4006249DB /* code_generator_utils.cc in Sources */,
				23AF42441ABB035800EF7F42 /* optimizing_compiler.cc in Sources */,
				23AF42031ABB035800EF7F42 /* quick_compiler_callbacks.cc in Sources */,
				23AF42331ABB035800EF7F42 /* gvn.cc in Sources */,
				8B6146091D12C71E007DE2CC /* llvm_compiler.cpp in Sources */,
				8BF4A8451D06F6540088404B /* instruction_builder.cc in Sources */,
				23AF41C41ABB035800EF7F42 /* compiler.cc in Sources */,
				23AF424A1ABB035800EF7F42 /* reference_type_propagation.cc in Sources */,
				23AF420A1ABB035800EF7F42 /* compiler_options.cc in Sources */,
				23C43CBF1BE25AB70035A5FC /* load_store_elimination.cc in Sources */,
				23AF42291ABB035800EF7F42 /* constant_folding.cc in Sources */,
				23AF42411ABB035800EF7F42 /* nodes.cc in Sources */,
				23437AF11BAABC60006249DB /* induction_var_analysis.cc in Sources */,
				8BF4A84C1D06F7F90088404B /* select_generator.cc in Sources */,
				8B5E5F021C7F463800E7F283 /* dex_file_method_inliner.cc in Sources */,
				23AF41C71ABB035800EF7F42 /* dex_to_dex_compiler.cc in Sources */,
			);
			runOnlyForDeploymentPostprocessing = 0;
		};
/* End PBXSourcesBuildPhase section */

/* Begin XCBuildConfiguration section */
		2353A5F317CE19B5005CF3CC /* Debug */ = {
			isa = XCBuildConfiguration;
			buildSettings = {
				ALWAYS_SEARCH_USER_PATHS = NO;
				CLANG_CXX_LANGUAGE_STANDARD = "gnu++0x";
				CLANG_CXX_LIBRARY = "libc++";
				COPY_PHASE_STRIP = NO;
				DEAD_CODE_STRIPPING = YES;
				GCC_ENABLE_CPP_EXCEPTIONS = NO;
				GCC_ENABLE_OBJC_EXCEPTIONS = NO;
				GCC_OPTIMIZATION_LEVEL = 0;
				GCC_PREPROCESSOR_DEFINITIONS = (
					"ANDROID_SMP=1",
					ANDROID,
					"MOE=1",
					HAVE_LITTLE_ENDIAN,
					"MOE_DEBUG=1",
					"SEVERITY_LEVEL=$(SEVERITY_LEVEL)",
					"IMT_SIZE=64",
					"ART_DEFAULT_GC_TYPE_IS_CMS=1",
				);
				HEADER_SEARCH_PATHS = "";
				IPHONEOS_DEPLOYMENT_TARGET = 8.0;
				LD_DEPENDENCY_INFO_FILE = "../../build/common/native/xcode/$(PRODUCT_NAME)_dependency_info.dat";
				MACOSX_DEPLOYMENT_TARGET = 10.9;
				SDKROOT = macosx;
				SYMROOT = build/xcode;
				TARGETED_DEVICE_FAMILY = "1,2";
				WARNING_CFLAGS = "-Wno-comment";
			};
			name = Debug;
		};
		2353A5F417CE19B5005CF3CC /* Release */ = {
			isa = XCBuildConfiguration;
			buildSettings = {
				ALWAYS_SEARCH_USER_PATHS = NO;
				CLANG_CXX_LANGUAGE_STANDARD = "gnu++0x";
				CLANG_CXX_LIBRARY = "libc++";
				DEAD_CODE_STRIPPING = YES;
				GCC_ENABLE_CPP_EXCEPTIONS = NO;
				GCC_ENABLE_OBJC_EXCEPTIONS = NO;
				GCC_GENERATE_DEBUGGING_SYMBOLS = NO;
				GCC_PREPROCESSOR_DEFINITIONS = (
					"ANDROID_SMP=1",
					ANDROID,
					"MOE=1",
					HAVE_LITTLE_ENDIAN,
					MOE_NDEBUG,
					"SEVERITY_LEVEL=$(SEVERITY_LEVEL)",
					"IMT_SIZE=64",
					"ART_DEFAULT_GC_TYPE_IS_CMS=1",
				);
				HEADER_SEARCH_PATHS = "";
				IPHONEOS_DEPLOYMENT_TARGET = 8.0;
				LD_DEPENDENCY_INFO_FILE = "../../build/common/native/xcode/$(PRODUCT_NAME)_dependency_info.dat";
				MACOSX_DEPLOYMENT_TARGET = 10.9;
				SDKROOT = macosx;
				SYMROOT = build/xcode;
				TARGETED_DEVICE_FAMILY = "1,2";
				WARNING_CFLAGS = "-Wno-comment";
			};
			name = Release;
		};
		2353A62617CE1AEC005CF3CC /* Debug */ = {
			isa = XCBuildConfiguration;
			buildSettings = {
				CLANG_CXX_LANGUAGE_STANDARD = "c++14";
				CLANG_CXX_LIBRARY = "libc++";
				CLANG_WARN_CONSTANT_CONVERSION = YES;
				CLANG_WARN_EMPTY_BODY = YES;
				CLANG_WARN_ENUM_CONVERSION = YES;
				CLANG_WARN_INT_CONVERSION = YES;
				CLANG_WARN__DUPLICATE_METHOD_MATCH = YES;
				DSTROOT = /tmp/dex.dst;
				GCC_C_LANGUAGE_STANDARD = gnu99;
				GCC_DYNAMIC_NO_PIC = NO;
				GCC_ENABLE_CPP_EXCEPTIONS = YES;
				GCC_ENABLE_CPP_RTTI = NO;
				GCC_PRECOMPILE_PREFIX_HEADER = YES;
				GCC_PREFIX_HEADER = "$(SRCROOT)/src/main/native/Compiler-Prefix.pch";
				GCC_WARN_ABOUT_RETURN_TYPE = YES;
				GCC_WARN_UNINITIALIZED_AUTOS = YES;
				HEADER_SEARCH_PATHS = (
					"\"$(SRCROOT)/../../../../../aosp/system/core/include\"",
					"\"$(SRCROOT)/../../../../../aosp/external/gtest/include\"",
					"\"$(SRCROOT)/../../../../../aosp/art/runtime\"",
					"\"$(SRCROOT)/../../../../../aosp/libnativehelper/include/nativehelper\"",
					../moe.base/src/main/native,
				);
				LD_NO_PIE = NO;
				OTHER_CFLAGS = (
					"-fexceptions",
					"-fstack-protector-strong",
				);
				OTHER_LDFLAGS = "-ObjC";
				PRODUCT_NAME = "$(TARGET_NAME)";
				SKIP_INSTALL = YES;
				USER_HEADER_SEARCH_PATHS = "\"$(SRCROOT)/../../../../../aosp/art\" \"$(SRCROOT)/../../../../../aosp/art/compiler\" \"$(SRCROOT)/../../../../../aosp/art/disassembler\" \"$(SRCROOT)/../../../../../aosp/art/sigchainlib\" \"$(SRCROOT)/../../../../../aosp/external/vixl/src\" \"$(SRCROOT)/../../../../..\" \"$(SRCROOT)/../../../../../external/clang+llvm-3.7.0-x86_64-apple-darwin/include\"";
				WARNING_CFLAGS = (
					"-Wno-comment",
					"-Wformat",
					"-Wformat-security",
				);
			};
			name = Debug;
		};
		2353A62717CE1AEC005CF3CC /* Release */ = {
			isa = XCBuildConfiguration;
			buildSettings = {
				CLANG_CXX_LANGUAGE_STANDARD = "c++14";
				CLANG_CXX_LIBRARY = "libc++";
				CLANG_WARN_CONSTANT_CONVERSION = YES;
				CLANG_WARN_EMPTY_BODY = YES;
				CLANG_WARN_ENUM_CONVERSION = YES;
				CLANG_WARN_INT_CONVERSION = YES;
				CLANG_WARN__DUPLICATE_METHOD_MATCH = YES;
				DSTROOT = /tmp/dex.dst;
				GCC_C_LANGUAGE_STANDARD = gnu99;
				GCC_ENABLE_CPP_EXCEPTIONS = YES;
				GCC_ENABLE_CPP_RTTI = NO;
				GCC_PRECOMPILE_PREFIX_HEADER = YES;
				GCC_PREFIX_HEADER = "$(SRCROOT)/src/main/native/Compiler-Prefix.pch";
				GCC_WARN_ABOUT_RETURN_TYPE = YES;
				GCC_WARN_UNINITIALIZED_AUTOS = YES;
				HEADER_SEARCH_PATHS = (
					"\"$(SRCROOT)/../../../../../aosp/system/core/include\"",
					"\"$(SRCROOT)/../../../../../aosp/external/gtest/include\"",
					"\"$(SRCROOT)/../../../../../aosp/art/runtime\"",
					"\"$(SRCROOT)/../../../../../aosp/libnativehelper/include/nativehelper\"",
					../moe.base/src/main/native,
				);
				LD_NO_PIE = NO;
				OTHER_CFLAGS = (
					"-fexceptions",
					"-fstack-protector-strong",
				);
				OTHER_LDFLAGS = "-ObjC";
				PRODUCT_NAME = "$(TARGET_NAME)";
				SKIP_INSTALL = YES;
				USER_HEADER_SEARCH_PATHS = "\"$(SRCROOT)/../../../../../aosp/art\" \"$(SRCROOT)/../../../../../aosp/art/compiler\" \"$(SRCROOT)/../../../../../aosp/art/disassembler\" \"$(SRCROOT)/../../../../../aosp/art/sigchainlib\" \"$(SRCROOT)/../../../../../aosp/external/vixl/src\" \"$(SRCROOT)/../../../../..\" \"$(SRCROOT)/../../../../../external/clang+llvm-3.7.0-x86_64-apple-darwin/include\"";
				WARNING_CFLAGS = (
					"-Wno-comment",
					"-Wformat",
					"-Wformat-security",
				);
			};
			name = Release;
		};
/* End XCBuildConfiguration section */

/* Begin XCConfigurationList section */
		2353A5F217CE19B5005CF3CC /* Build configuration list for PBXProject "android.art.compiler" */ = {
			isa = XCConfigurationList;
			buildConfigurations = (
				2353A5F317CE19B5005CF3CC /* Debug */,
				2353A5F417CE19B5005CF3CC /* Release */,
			);
			defaultConfigurationIsVisible = 0;
			defaultConfigurationName = Release;
		};
		2353A62517CE1AEC005CF3CC /* Build configuration list for PBXNativeTarget "compiler" */ = {
			isa = XCConfigurationList;
			buildConfigurations = (
				2353A62617CE1AEC005CF3CC /* Debug */,
				2353A62717CE1AEC005CF3CC /* Release */,
			);
			defaultConfigurationIsVisible = 0;
			defaultConfigurationName = Release;
		};
/* End XCConfigurationList section */
	};
	rootObject = 2353A5EF17CE19B5005CF3CC /* Project object */;
}
